
Microsoft Visual Studio Solution File, Format Version 12.00
# Visual Studio 14
VisualStudioVersion = 14.0.23107.0
MinimumVisualStudioVersion = 10.0.40219.1
Project("{FAE04EC0-301F-11D3-BF4B-00C04F79EFBC}") = "Facepunch", "Facepunch.csproj", "{ABBEC5A1-E7D7-43CC-8F55-1E3EE85053E4}"
EndProject
Project("{FAE04EC0-301F-11D3-BF4B-00C04F79EFBC}") = "FacepunchTest", "..\FacepunchTest\FacepunchTest.csproj", "{8FDC42A4-A3D4-4D67-B738-A822CE089011}"
EndProject
Global
	GlobalSection(SolutionConfigurationPlatforms) = preSolution
		Debug|Any CPU = Debug|Any CPU
		Release|Any CPU = Release|Any CPU
	EndGlobalSection
	GlobalSection(ProjectConfigurationPlatforms) = postSolution
		{ABBEC5A1-E7D7-43CC-8F55-1E3EE85053E4}.Debug|Any CPU.ActiveCfg = Debug|Any CPU
		{ABBEC5A1-E7D7-43CC-8F55-1E3EE85053E4}.Debug|Any CPU.Build.0 = Debug|Any CPU
		{ABBEC5A1-E7D7-43CC-8F55-1E3EE85053E4}.Release|Any CPU.ActiveCfg = Release|Any CPU
		{ABBEC5A1-E7D7-43CC-8F55-1E3EE85053E4}.Release|Any CPU.Build.0 = Release|Any CPU
		{8FDC42A4-A3D4-4D67-B738-A822CE089011}.Debug|Any CPU.ActiveCfg = Debug|Any CPU
		{8FDC42A4-A3D4-4D67-B738-A822CE089011}.Debug|Any CPU.Build.0 = Debug|Any CPU
		{8FDC42A4-A3D4-4D67-B738-A822CE089011}.Release|Any CPU.ActiveCfg = Release|Any CPU
		{8FDC42A4-A3D4-4D67-B738-A822CE089011}.Release|Any CPU.Build.0 = Release|Any CPU
	EndGlobalSection
	GlobalSection(SolutionProperties) = preSolution
		HideSolutionNode = FALSE
	EndGlobalSection
EndGlobal
